{
  "nodes": {
    "nixpkgs": {
      "locked": {
        "lastModified": 1596146801,
        "narHash": "sha256-a5n2B36ridgHRT1V3LjIjKmVeUsZ5P7fz0bWwiPQnLw=",
        "owner": "NixOS",
        "repo": "nixpkgs",
        "rev": "38516a273cd801fc151f6c3a1ed5e95124f492f6",
        "type": "github"
      },
      "original": {
        "owner": "NixOS",
        "ref": "nixos-20.03",
        "repo": "nixpkgs",
        "type": "github"
      }
    },
    "root": {
      "inputs": {
        "nixpkgs": "nixpkgs"
      }
    }
  },
  "root": "root",
  "version": 7
}
